// !$*UTF8*$!
{
	archiveVersion = 1;
	classes = {
	};
	objectVersion = 46;
	objects = {

/* Begin PBXBuildFile section */
		6B47EAA71F3D59BA00252B77 /* AppDelegate.swift in Sources */ = {isa = PBXBuildFile; fileRef = 6B47EAA61F3D59BA00252B77 /* AppDelegate.swift */; };
		6B47EAA91F3D59BA00252B77 /* ViewController.swift in Sources */ = {isa = PBXBuildFile; fileRef = 6B47EAA81F3D59BA00252B77 /* ViewController.swift */; };
		6B47EAAC1F3D59BA00252B77 /* Main.storyboard in Resources */ = {isa = PBXBuildFile; fileRef = 6B47EAAA1F3D59BA00252B77 /* Main.storyboard */; };
		6B47EAAE1F3D59BA00252B77 /* Assets.xcassets in Resources */ = {isa = PBXBuildFile; fileRef = 6B47EAAD1F3D59BA00252B77 /* Assets.xcassets */; };
		6B47EAB11F3D59BA00252B77 /* LaunchScreen.storyboard in Resources */ = {isa = PBXBuildFile; fileRef = 6B47EAAF1F3D59BA00252B77 /* LaunchScreen.storyboard */; };
		6B47EAB91F3D5A0200252B77 /* PushButtonView.swift in Sources */ = {isa = PBXBuildFile; fileRef = 6B47EAB81F3D5A0200252B77 /* PushButtonView.swift */; };
		6B47EABB1F3D62A600252B77 /* CounterView.swift in Sources */ = {isa = PBXBuildFile; fileRef = 6B47EABA1F3D62A600252B77 /* CounterView.swift */; };
		6B47EABD1F3D6D8000252B77 /* GraphView.swift in Sources */ = {isa = PBXBuildFile; fileRef = 6B47EABC1F3D6D8000252B77 /* GraphView.swift */; };
		6B48BC8B1F4D784800608E54 /* BackGroundView.swift in Sources */ = {isa = PBXBuildFile; fileRef = 6B48BC8A1F4D784800608E54 /* BackGroundView.swift */; };
/* End PBXBuildFile section */

/* Begin PBXFileReference section */
		6B47EAA31F3D59BA00252B77 /* Flo.app */ = {isa = PBXFileReference; explicitFileType = wrapper.application; includeInIndex = 0; path = Flo.app; sourceTree = BUILT_PRODUCTS_DIR; };
		6B47EAA61F3D59BA00252B77 /* AppDelegate.swift */ = {isa = PBXFileReference; lastKnownFileType = sourcecode.swift; path = AppDelegate.swift; sourceTree = "<group>"; };
		6B47EAA81F3D59BA00252B77 /* ViewController.swift */ = {isa = PBXFileReference; lastKnownFileType = sourcecode.swift; path = ViewController.swift; sourceTree = "<group>"; };
		6B47EAAB1F3D59BA00252B77 /* Base */ = {isa = PBXFileReference; lastKnownFileType = file.storyboard; name = Base; path = Base.lproj/Main.storyboard; sourceTree = "<group>"; };
		6B47EAAD1F3D59BA00252B77 /* Assets.xcassets */ = {isa = PBXFileReference; lastKnownFileType = folder.assetcatalog; path = Assets.xcassets; sourceTree = "<group>"; };
		6B47EAB01F3D59BA00252B77 /* Base */ = {isa = PBXFileReference; lastKnownFileType = file.storyboard; name = Base; path = Base.lproj/LaunchScreen.storyboard; sourceTree = "<group>"; };
		6B47EAB21F3D59BA00252B77 /* Info.plist */ = {isa = PBXFileReference; lastKnownFileType = text.plist.xml; path = Info.plist; sourceTree = "<group>"; };
		6B47EAB81F3D5A0200252B77 /* PushButtonView.swift */ = {isa = PBXFileReference; fileEncoding = 4; lastKnownFileType = sourcecode.swift; path = PushButtonView.swift; sourceTree = "<group>"; };
		6B47EABA1F3D62A600252B77 /* CounterView.swift */ = {isa = PBXFileReference; fileEncoding = 4; lastKnownFileType = sourcecode.swift; path = CounterView.swift; sourceTree = "<group>"; };
		6B47EABC1F3D6D8000252B77 /* GraphView.swift */ = {isa = PBXFileReference; fileEncoding = 4; lastKnownFileType = sourcecode.swift; path = GraphView.swift; sourceTree = "<group>"; };
		6B48BC8A1F4D784800608E54 /* BackGroundView.swift */ = {isa = PBXFileReference; fileEncoding = 4; lastKnownFileType = sourcecode.swift; path = BackGroundView.swift; sourceTree = "<group>"; };
/* End PBXFileReference section */

/* Begin PBXFrameworksBuildPhase section */
		6B47EAA01F3D59BA00252B77 /* Frameworks */ = {
			isa = PBXFrameworksBuildPhase;
			buildActionMask = 2147483647;
			files = (
			);
			runOnlyForDeploymentPostprocessing = 0;
		};
/* End PBXFrameworksBuildPhase section */

/* Begin PBXGroup section */
		6B47EA9A1F3D59BA00252B77 = {
			isa = PBXGroup;
			children = (
				6B47EAA51F3D59BA00252B77 /* Flo */,
				6B47EAA41F3D59BA00252B77 /* Products */,
			);
			sourceTree = "<group>";
		};
		6B47EAA41F3D59BA00252B77 /* Products */ = {
			isa = PBXGroup;
			children = (
				6B47EAA31F3D59BA00252B77 /* Flo.app */,
			);
			name = Products;
			sourceTree = "<group>";
		};
		6B47EAA51F3D59BA00252B77 /* Flo */ = {
			isa = PBXGroup;
			children = (
				6B47EAA61F3D59BA00252B77 /* AppDelegate.swift */,
				6B47EAA81F3D59BA00252B77 /* ViewController.swift */,
				6B48BC8A1F4D784800608E54 /* BackGroundView.swift */,
				6B47EAAA1F3D59BA00252B77 /* Main.storyboard */,
				6B47EABC1F3D6D8000252B77 /* GraphView.swift */,
				6B47EAB81F3D5A0200252B77 /* PushButtonView.swift */,
				6B47EABA1F3D62A600252B77 /* CounterView.swift */,
				6B47EAAD1F3D59BA00252B77 /* Assets.xcassets */,
				6B47EAAF1F3D59BA00252B77 /* LaunchScreen.storyboard */,
				6B47EAB21F3D59BA00252B77 /* Info.plist */,
			);
			path = Flo;
			sourceTree = "<group>";
		};
/* End PBXGroup section */

/* Begin PBXNativeTarget section */
		6B47EAA21F3D59BA00252B77 /* Flo */ = {
			isa = PBXNativeTarget;
			buildConfigurationList = 6B47EAB51F3D59BA00252B77 /* Build configuration list for PBXNativeTarget "Flo" */;
			buildPhases = (
				6B47EA9F1F3D59BA00252B77 /* Sources */,
				6B47EAA01F3D59BA00252B77 /* Frameworks */,
				6B47EAA11F3D59BA00252B77 /* Resources */,
			);
			buildRules = (
			);
			dependencies = (
			);
			name = Flo;
			productName = Flo;
			productReference = 6B47EAA31F3D59BA00252B77 /* Flo.app */;
			productType = "com.apple.product-type.application";
		};
/* End PBXNativeTarget section */

/* Begin PBXProject section */
		6B47EA9B1F3D59BA00252B77 /* Project object */ = {
			isa = PBXProject;
			attributes = {
				LastSwiftUpdateCheck = 0820;
				LastUpgradeCheck = 0820;
				ORGANIZATIONNAME = Alaxabo;
				TargetAttributes = {
					6B47EAA21F3D59BA00252B77 = {
						CreatedOnToolsVersion = 8.2.1;
						ProvisioningStyle = Automatic;
					};
				};
			};
			buildConfigurationList = 6B47EA9E1F3D59BA00252B77 /* Build configuration list for PBXProject "Flo" */;
			compatibilityVersion = "Xcode 3.2";
			developmentRegion = English;
			hasScannedForEncodings = 0;
			knownRegions = (
				en,
				Base,
			);
			mainGroup = 6B47EA9A1F3D59BA00252B77;
			productRefGroup = 6B47EAA41F3D59BA00252B77 /* Products */;
			projectDirPath = "";
			projectRoot = "";
			targets = (
				6B47EAA21F3D59BA00252B77 /* Flo */,
			);
		};
/* End PBXProject section */

/* Begin PBXResourcesBuildPhase section */
		6B47EAA11F3D59BA00252B77 /* Resources */ = {
			isa = PBXResourcesBuildPhase;
			buildActionMask = 2147483647;
			files = (
				6B47EAB11F3D59BA00252B77 /* LaunchScreen.storyboard in Resources */,
				6B47EAAE1F3D59BA00252B77 /* Assets.xcassets in Resources */,
				6B47EAAC1F3D59BA00252B77 /* Main.storyboard in Resources */,
			);
			runOnlyForDeploymentPostprocessing = 0;
		};
/* End PBXResourcesBuildPhase section */

/* Begin PBXSourcesBuildPhase section */
		6B47EA9F1F3D59BA00252B77 /* Sources */ = {
			isa = PBXSourcesBuildPhase;
			buildActionMask = 2147483647;
			files = (
				6B48BC8B1F4D784800608E54 /* BackGroundView.swift in Sources */,
				6B47EABD1F3D6D8000252B77 /* GraphView.swift in Sources */,
				6B47EAA91F3D59BA00252B77 /* ViewController.swift in Sources */,
				6B47EAB91F3D5A0200252B77 /* PushButtonView.swift in Sources */,
				6B47EAA71F3D59BA00252B77 /* AppDelegate.swift in Sources */,
				6B47EABB1F3D62A600252B77 /* CounterView.swift in Sources */,
			);
			runOnlyForDeploymentPostprocessing = 0;
		};
/* End PBXSourcesBuildPhase section */

/* Begin PBXVariantGroup section */
		6B47EAAA1F3D59BA00252B77 /* Main.storyboard */ = {
			isa = PBXVariantGroup;
			children = (
				6B47EAAB1F3D59BA00252B77 /* Base */,
			);
			name = Main.storyboard;
			sourceTree = "<group>";
		};
		6B47EAAF1F3D59BA00252B77 /* LaunchScreen.storyboard */ = {
			isa = PBXVariantGroup;
			children = (
				6B47EAB01F3D59BA00252B77 /* Base */,
			);
			name = LaunchScreen.storyboard;
			sourceTree = "<group>";
		};
/* End PBXVariantGroup section */

/* Begin XCBuildConfiguration section */
		6B47EAB31F3D59BA00252B77 /* Debug */ = {
			isa = XCBuildConfiguration;
			buildSettings = {
				ALWAYS_SEARCH_USER_PATHS = NO;
				CLANG_ANALYZER_NONNULL = YES;
				CLANG_CXX_LANGUAGE_STANDARD = "gnu++0x";
				CLANG_CXX_LIBRARY = "libc++";
				CLANG_ENABLE_MODULES = YES;
				CLANG_ENABLE_OBJC_ARC = YES;
				CLANG_WARN_BOOL_CONVERSION = YES;
				CLANG_WARN_CONSTANT_CONVERSION = YES;
				CLANG_WARN_DIRECT_OBJC_ISA_USAGE = YES_ERROR;
				CLANG_WARN_DOCUMENTATION_COMMENTS = YES;
				CLANG_WARN_EMPTY_BODY = YES;
				CLANG_WARN_ENUM_CONVERSION = YES;
				CLANG_WARN_INFINITE_RECURSION = YES;
				CLANG_WARN_INT_CONVERSION = YES;
				CLANG_WARN_OBJC_ROOT_CLASS = YES_ERROR;
				CLANG_WARN_SUSPICIOUS_MOVE = YES;
				CLANG_WARN_UNREACHABLE_CODE = YES;
				CLANG_WARN__DUPLICATE_METHOD_MATCH = YES;
				"CODE_SIGN_IDENTITY[sdk=iphoneos*]" = "iPhone Developer";
				COPY_PHASE_STRIP = NO;
				DEBUG_INFORMATION_FORMAT = dwarf;
				ENABLE_STRICT_OBJC_MSGSEND = YES;
				ENABLE_TESTABILITY = YES;
				GCC_C_LANGUAGE_STANDARD = gnu99;
				GCC_DYNAMIC_NO_PIC = NO;
				GCC_NO_COMMON_BLOCKS = YES;
				GCC_OPTIMIZATION_LEVEL = 0;
				GCC_PREPROCESSOR_DEFINITIONS = (
					"DEBUG=1",
					"$(inherited)",
				);
				GCC_WARN_64_TO_32_BIT_CONVERSION = YES;
				GCC_WARN_ABOUT_RETURN_TYPE = YES_ERROR;
				GCC_WARN_UNDECLARED_SELECTOR = YES;
				GCC_WARN_UNINITIALIZED_AUTOS = YES_AGGRESSIVE;
				GCC_WARN_UNUSED_FUNCTION = YES;
				GCC_WARN_UNUSED_VARIABLE = YES;
				IPHONEOS_DEPLOYMENT_TARGET = 10.2;
				MTL_ENABLE_DEBUG_INFO = YES;
				ONLY_ACTIVE_ARCH = YES;
				SDKROOT = iphoneos;
				SWIFT_ACTIVE_COMPILATION_CONDITIONS = DEBUG;
				SWIFT_OPTIMIZATION_LEVEL = "-Onone";
				TARGETED_DEVICE_FAMILY = "1,2";
			};
			name = Debug;
		};
		6B47EAB41F3D59BA00252B77 /* Release */ = {
			isa = XCBuildConfiguration;
			buildSettings = {
				ALWAYS_SEARCH_USER_PATHS = NO;
				CLANG_ANALYZER_NONNULL = YES;
				CLANG_CXX_LANGUAGE_STANDARD = "gnu++0x";
				CLANG_CXX_LIBRARY = "libc++";
				CLANG_ENABLE_MODULES = YES;
				CLANG_ENABLE_OBJC_ARC = YES;
				CLANG_WARN_BOOL_CONVERSION = YES;
				CLANG_WARN_CONSTANT_CONVERSION = YES;
				CLANG_WARN_DIRECT_OBJC_ISA_USAGE = YES_ERROR;
				CLANG_WARN_DOCUMENTATION_COMMENTS = YES;
				CLANG_WARN_EMPTY_BODY = YES;
				CLANG_WARN_ENUM_CONVERSION = YES;
				CLANG_WARN_INFINITE_RECURSION = YES;
				CLANG_WARN_INT_CONVERSION = YES;
				CLANG_WARN_OBJC_ROOT_CLASS = YES_ERROR;
				CLANG_WARN_SUSPICIOUS_MOVE = YES;
				CLANG_WARN_UNREACHABLE_CODE = YES;
				CLANG_WARN__DUPLICATE_METHOD_MATCH = YES;
				"CODE_SIGN_IDENTITY[sdk=iphoneos*]" = "iPhone Developer";
				COPY_PHASE_STRIP = NO;
				DEBUG_INFORMATION_FORMAT = "dwarf-with-dsym";
				ENABLE_NS_ASSERTIONS = NO;
				ENABLE_STRICT_OBJC_MSGSEND = YES;
				GCC_C_LANGUAGE_STANDARD = gnu99;
				GCC_NO_COMMON_BLOCKS = YES;
				GCC_WARN_64_TO_32_BIT_CONVERSION = YES;
				GCC_WARN_ABOUT_RETURN_TYPE = YES_ERROR;
				GCC_WARN_UNDECLARED_SELECTOR = YES;
				GCC_WARN_UNINITIALIZED_AUTOS = YES_AGGRESSIVE;
				GCC_WARN_UNUSED_FUNCTION = YES;
				GCC_WARN_UNUSED_VARIABLE = YES;
				IPHONEOS_DEPLOYMENT_TARGET = 10.2;
				MTL_ENABLE_DEBUG_INFO = NO;
				SDKROOT = iphoneos;
				SWIFT_OPTIMIZATION_LEVEL = "-Owholemodule";
				TARGETED_DEVICE_FAMILY = "1,2";
				VALIDATE_PRODUCT = YES;
			};
			name = Release;
		};
		6B47EAB61F3D59BA00252B77 /* Debug */ = {
			isa = XCBuildConfiguration;
			buildSettings = {
				ASSETCATALOG_COMPILER_APPICON_NAME = AppIcon;
				INFOPLIST_FILE = Flo/Info.plist;
				LD_RUNPATH_SEARCH_PATHS = "$(inherited) @executable_path/Frameworks";
				PRODUCT_BUNDLE_IDENTIFIER = Alaxabo.Flo;
				PRODUCT_NAME = "$(TARGET_NAME)";
				SWIFT_VERSION = 3.0;
			};
			name = Debug;
		};
		6B47EAB71F3D59BA00252B77 /* Release */ = {
			isa = XCBuildConfiguration;
			buildSettings = {
				ASSETCATALOG_COMPILER_APPICON_NAME = AppIcon;
				INFOPLIST_FILE = Flo/Info.plist;
				LD_RUNPATH_SEARCH_PATHS = "$(inherited) @executable_path/Frameworks";
				PRODUCT_BUNDLE_IDENTIFIER = Alaxabo.Flo;
				PRODUCT_NAME = "$(TARGET_NAME)";
				SWIFT_VERSION = 3.0;
			};
			name = Release;
		};
/* End XCBuildConfiguration section */

/* Begin XCConfigurationList section */
		6B47EA9E1F3D59BA00252B77 /* Build configuration list for PBXProject "Flo" */ = {
			isa = XCConfigurationList;
			buildConfigurations = (
				6B47EAB31F3D59BA00252B77 /* Debug */,
				6B47EAB41F3D59BA00252B77 /* Release */,
			);
			defaultConfigurationIsVisible = 0;
			defaultConfigurationName = Release;
		};
		6B47EAB51F3D59BA00252B77 /* Build configuration list for PBXNativeTarget "Flo" */ = {
			isa = XCConfigurationList;
			buildConfigurations = (
				6B47EAB61F3D59BA00252B77 /* Debug */,
				6B47EAB71F3D59BA00252B77 /* Release */,
			);
			defaultConfigurationIsVisible = 0;
			defaultConfigurationName = Release;
		};
/* End XCConfigurationList section */
	};
	rootObject = 6B47EA9B1F3D59BA00252B77 /* Project object */;
}
